
Microsoft Visual Studio Solution File, Format Version 12.00
# Visual Studio Version 17
VisualStudioVersion = 17.8.34309.116
MinimumVisualStudioVersion = 10.0.40219.1
Project("{FAE04EC0-301F-11D3-BF4B-00C04F79EFBC}") = "Week1", "Week1\Week1.csproj", "{AD8103A6-0CCB-4CB1-BF5C-70557091F61C}"
EndProject
Project("{FAE04EC0-301F-11D3-BF4B-00C04F79EFBC}") = "FluxVakanties", "FluxVakanties\FluxVakanties.csproj", "{EA44901A-3D2B-4DA5-B5B6-D1FF4C03AD81}"
EndProject
Project("{FAE04EC0-301F-11D3-BF4B-00C04F79EFBC}") = "Goeroe-calc", "Goeroe-calc\Goeroe-calc.csproj", "{DFCF03AE-F5C0-4DA6-AE5C-C3F65415B040}"
EndProject
Project("{2150E333-8FDC-42A3-9474-1A3956D46DE8}") = "week 1", "week 1", "{850C123B-6556-4B35-B6ED-E1B36C859E1A}"
EndProject
Project("{2150E333-8FDC-42A3-9474-1A3956D46DE8}") = "week 2", "week 2", "{FA5E15F3-68D7-4F8E-A1AF-B966346200E2}"
EndProject
Project("{FAE04EC0-301F-11D3-BF4B-00C04F79EFBC}") = "ConsoleApp", "ConsoleApp\ConsoleApp.csproj", "{1B0A14C1-0E17-471F-8F7A-F2627B40B740}"
EndProject
Project("{FAE04EC0-301F-11D3-BF4B-00C04F79EFBC}") = "Haxor", "Haxor\Haxor.csproj", "{372597DB-0261-4D83-B56D-1A03EFC82C0F}"
EndProject
Project("{FAE04EC0-301F-11D3-BF4B-00C04F79EFBC}") = "IndexOfE", "IndexOfE\IndexOfE.csproj", "{6AD3C792-99DB-46B2-B0F5-7E43E7C1EB42}"
EndProject
Project("{FAE04EC0-301F-11D3-BF4B-00C04F79EFBC}") = "HalloJij", "HalloJij\HalloJij.csproj", "{9E155E29-685E-4228-894C-3FD9B7CD55FB}"
EndProject
Global
	GlobalSection(SolutionConfigurationPlatforms) = preSolution
		Debug|Any CPU = Debug|Any CPU
		Release|Any CPU = Release|Any CPU
	EndGlobalSection
	GlobalSection(ProjectConfigurationPlatforms) = postSolution
		{AD8103A6-0CCB-4CB1-BF5C-70557091F61C}.Debug|Any CPU.ActiveCfg = Debug|Any CPU
		{AD8103A6-0CCB-4CB1-BF5C-70557091F61C}.Debug|Any CPU.Build.0 = Debug|Any CPU
		{AD8103A6-0CCB-4CB1-BF5C-70557091F61C}.Release|Any CPU.ActiveCfg = Release|Any CPU
		{AD8103A6-0CCB-4CB1-BF5C-70557091F61C}.Release|Any CPU.Build.0 = Release|Any CPU
		{EA44901A-3D2B-4DA5-B5B6-D1FF4C03AD81}.Debug|Any CPU.ActiveCfg = Debug|Any CPU
		{EA44901A-3D2B-4DA5-B5B6-D1FF4C03AD81}.Debug|Any CPU.Build.0 = Debug|Any CPU
		{EA44901A-3D2B-4DA5-B5B6-D1FF4C03AD81}.Release|Any CPU.ActiveCfg = Release|Any CPU
		{EA44901A-3D2B-4DA5-B5B6-D1FF4C03AD81}.Release|Any CPU.Build.0 = Release|Any CPU
		{DFCF03AE-F5C0-4DA6-AE5C-C3F65415B040}.Debug|Any CPU.ActiveCfg = Debug|Any CPU
		{DFCF03AE-F5C0-4DA6-AE5C-C3F65415B040}.Debug|Any CPU.Build.0 = Debug|Any CPU
		{DFCF03AE-F5C0-4DA6-AE5C-C3F65415B040}.Release|Any CPU.ActiveCfg = Release|Any CPU
		{DFCF03AE-F5C0-4DA6-AE5C-C3F65415B040}.Release|Any CPU.Build.0 = Release|Any CPU
		{1B0A14C1-0E17-471F-8F7A-F2627B40B740}.Debug|Any CPU.ActiveCfg = Debug|Any CPU
		{1B0A14C1-0E17-471F-8F7A-F2627B40B740}.Debug|Any CPU.Build.0 = Debug|Any CPU
		{1B0A14C1-0E17-471F-8F7A-F2627B40B740}.Release|Any CPU.ActiveCfg = Release|Any CPU
		{1B0A14C1-0E17-471F-8F7A-F2627B40B740}.Release|Any CPU.Build.0 = Release|Any CPU
		{372597DB-0261-4D83-B56D-1A03EFC82C0F}.Debug|Any CPU.ActiveCfg = Debug|Any CPU
		{372597DB-0261-4D83-B56D-1A03EFC82C0F}.Debug|Any CPU.Build.0 = Debug|Any CPU
		{372597DB-0261-4D83-B56D-1A03EFC82C0F}.Release|Any CPU.ActiveCfg = Release|Any CPU
		{372597DB-0261-4D83-B56D-1A03EFC82C0F}.Release|Any CPU.Build.0 = Release|Any CPU
		{6AD3C792-99DB-46B2-B0F5-7E43E7C1EB42}.Debug|Any CPU.ActiveCfg = Debug|Any CPU
		{6AD3C792-99DB-46B2-B0F5-7E43E7C1EB42}.Debug|Any CPU.Build.0 = Debug|Any CPU
		{6AD3C792-99DB-46B2-B0F5-7E43E7C1EB42}.Release|Any CPU.ActiveCfg = Release|Any CPU
		{6AD3C792-99DB-46B2-B0F5-7E43E7C1EB42}.Release|Any CPU.Build.0 = Release|Any CPU
		{9E155E29-685E-4228-894C-3FD9B7CD55FB}.Debug|Any CPU.ActiveCfg = Debug|Any CPU
		{9E155E29-685E-4228-894C-3FD9B7CD55FB}.Debug|Any CPU.Build.0 = Debug|Any CPU
		{9E155E29-685E-4228-894C-3FD9B7CD55FB}.Release|Any CPU.ActiveCfg = Release|Any CPU
		{9E155E29-685E-4228-894C-3FD9B7CD55FB}.Release|Any CPU.Build.0 = Release|Any CPU
	EndGlobalSection
	GlobalSection(SolutionProperties) = preSolution
		HideSolutionNode = FALSE
	EndGlobalSection
	GlobalSection(NestedProjects) = preSolution
		{AD8103A6-0CCB-4CB1-BF5C-70557091F61C} = {850C123B-6556-4B35-B6ED-E1B36C859E1A}
		{EA44901A-3D2B-4DA5-B5B6-D1FF4C03AD81} = {850C123B-6556-4B35-B6ED-E1B36C859E1A}
		{DFCF03AE-F5C0-4DA6-AE5C-C3F65415B040} = {850C123B-6556-4B35-B6ED-E1B36C859E1A}
		{1B0A14C1-0E17-471F-8F7A-F2627B40B740} = {FA5E15F3-68D7-4F8E-A1AF-B966346200E2}
		{372597DB-0261-4D83-B56D-1A03EFC82C0F} = {FA5E15F3-68D7-4F8E-A1AF-B966346200E2}
		{6AD3C792-99DB-46B2-B0F5-7E43E7C1EB42} = {FA5E15F3-68D7-4F8E-A1AF-B966346200E2}
		{9E155E29-685E-4228-894C-3FD9B7CD55FB} = {FA5E15F3-68D7-4F8E-A1AF-B966346200E2}
	EndGlobalSection
	GlobalSection(ExtensibilityGlobals) = postSolution
		SolutionGuid = {29637558-D337-466E-B0C5-6C9107A7A9E0}
	EndGlobalSection
EndGlobal
