
Microsoft Visual Studio Solution File, Format Version 12.00
# Visual Studio Version 17
VisualStudioVersion = 17.8.34309.116
MinimumVisualStudioVersion = 10.0.40219.1
Project("{FAE04EC0-301F-11D3-BF4B-00C04F79EFBC}") = "Week1", "Week1\Week1.csproj", "{AD8103A6-0CCB-4CB1-BF5C-70557091F61C}"
EndProject
Project("{FAE04EC0-301F-11D3-BF4B-00C04F79EFBC}") = "FluxVakanties", "FluxVakanties\FluxVakanties.csproj", "{EA44901A-3D2B-4DA5-B5B6-D1FF4C03AD81}"
EndProject
Project("{FAE04EC0-301F-11D3-BF4B-00C04F79EFBC}") = "Goeroe-calc", "Goeroe-calc\Goeroe-calc.csproj", "{DFCF03AE-F5C0-4DA6-AE5C-C3F65415B040}"
EndProject
Project("{2150E333-8FDC-42A3-9474-1A3956D46DE8}") = "week 1", "week 1", "{850C123B-6556-4B35-B6ED-E1B36C859E1A}"
EndProject
Project("{2150E333-8FDC-42A3-9474-1A3956D46DE8}") = "week 2", "week 2", "{FA5E15F3-68D7-4F8E-A1AF-B966346200E2}"
EndProject
Project("{FAE04EC0-301F-11D3-BF4B-00C04F79EFBC}") = "ConsoleApp", "ConsoleApp\ConsoleApp.csproj", "{1B0A14C1-0E17-471F-8F7A-F2627B40B740}"
EndProject
Project("{FAE04EC0-301F-11D3-BF4B-00C04F79EFBC}") = "Haxor", "Haxor\Haxor.csproj", "{372597DB-0261-4D83-B56D-1A03EFC82C0F}"
EndProject
Project("{FAE04EC0-301F-11D3-BF4B-00C04F79EFBC}") = "IndexOfE", "IndexOfE\IndexOfE.csproj", "{6AD3C792-99DB-46B2-B0F5-7E43E7C1EB42}"
EndProject
Project("{FAE04EC0-301F-11D3-BF4B-00C04F79EFBC}") = "HalloJij", "HalloJij\HalloJij.csproj", "{9E155E29-685E-4228-894C-3FD9B7CD55FB}"
EndProject
Project("{FAE04EC0-301F-11D3-BF4B-00C04F79EFBC}") = "DrankjesSchema", "DrankjesSchema\DrankjesSchema.csproj", "{E4288B8D-D93E-4E5D-B76C-4C4247624A65}"
EndProject
Project("{FAE04EC0-301F-11D3-BF4B-00C04F79EFBC}") = "WorpenGenerator", "WorpenGenerator\WorpenGenerator.csproj", "{29DF1349-D48B-48BC-AA91-F149CDFFE4A4}"
EndProject
Project("{FAE04EC0-301F-11D3-BF4B-00C04F79EFBC}") = "EmmerVullen", "EmmerVullen\EmmerVullen.csproj", "{9F194BE1-9A7F-4733-8BE5-692523B41C22}"
EndProject
Project("{9A19103F-16F7-4668-BE54-9A1E7A4F7556}") = "EmmerVolLatenLopen", "EmmerVolLatenLopen\EmmerVolLatenLopen.csproj", "{84003568-9D5A-48D9-A095-8270465470CD}"
EndProject
Project("{FAE04EC0-301F-11D3-BF4B-00C04F79EFBC}") = "RecordDemo", "RecordDemo\RecordDemo.csproj", "{B18CCB3E-8274-4E2A-B30D-72FCEDDEF66C}"
EndProject
Project("{2150E333-8FDC-42A3-9474-1A3956D46DE8}") = "Challenge", "Challenge", "{B91EB571-D5C4-4E35-887E-F286A8FB305D}"
EndProject
Project("{FAE04EC0-301F-11D3-BF4B-00C04F79EFBC}") = "VanDerBinckesBakfietsen", "VanDerBinckesBakfietsen\VanDerBinckesBakfietsen.csproj", "{09477ADD-2CE3-4764-ABE3-00A395EFFE38}"
EndProject
Global
	GlobalSection(SolutionConfigurationPlatforms) = preSolution
		Debug|Any CPU = Debug|Any CPU
		Release|Any CPU = Release|Any CPU
	EndGlobalSection
	GlobalSection(ProjectConfigurationPlatforms) = postSolution
		{AD8103A6-0CCB-4CB1-BF5C-70557091F61C}.Debug|Any CPU.ActiveCfg = Debug|Any CPU
		{AD8103A6-0CCB-4CB1-BF5C-70557091F61C}.Debug|Any CPU.Build.0 = Debug|Any CPU
		{AD8103A6-0CCB-4CB1-BF5C-70557091F61C}.Release|Any CPU.ActiveCfg = Release|Any CPU
		{AD8103A6-0CCB-4CB1-BF5C-70557091F61C}.Release|Any CPU.Build.0 = Release|Any CPU
		{EA44901A-3D2B-4DA5-B5B6-D1FF4C03AD81}.Debug|Any CPU.ActiveCfg = Debug|Any CPU
		{EA44901A-3D2B-4DA5-B5B6-D1FF4C03AD81}.Debug|Any CPU.Build.0 = Debug|Any CPU
		{EA44901A-3D2B-4DA5-B5B6-D1FF4C03AD81}.Release|Any CPU.ActiveCfg = Release|Any CPU
		{EA44901A-3D2B-4DA5-B5B6-D1FF4C03AD81}.Release|Any CPU.Build.0 = Release|Any CPU
		{DFCF03AE-F5C0-4DA6-AE5C-C3F65415B040}.Debug|Any CPU.ActiveCfg = Debug|Any CPU
		{DFCF03AE-F5C0-4DA6-AE5C-C3F65415B040}.Debug|Any CPU.Build.0 = Debug|Any CPU
		{DFCF03AE-F5C0-4DA6-AE5C-C3F65415B040}.Release|Any CPU.ActiveCfg = Release|Any CPU
		{DFCF03AE-F5C0-4DA6-AE5C-C3F65415B040}.Release|Any CPU.Build.0 = Release|Any CPU
		{1B0A14C1-0E17-471F-8F7A-F2627B40B740}.Debug|Any CPU.ActiveCfg = Debug|Any CPU
		{1B0A14C1-0E17-471F-8F7A-F2627B40B740}.Debug|Any CPU.Build.0 = Debug|Any CPU
		{1B0A14C1-0E17-471F-8F7A-F2627B40B740}.Release|Any CPU.ActiveCfg = Release|Any CPU
		{1B0A14C1-0E17-471F-8F7A-F2627B40B740}.Release|Any CPU.Build.0 = Release|Any CPU
		{372597DB-0261-4D83-B56D-1A03EFC82C0F}.Debug|Any CPU.ActiveCfg = Debug|Any CPU
		{372597DB-0261-4D83-B56D-1A03EFC82C0F}.Debug|Any CPU.Build.0 = Debug|Any CPU
		{372597DB-0261-4D83-B56D-1A03EFC82C0F}.Release|Any CPU.ActiveCfg = Release|Any CPU
		{372597DB-0261-4D83-B56D-1A03EFC82C0F}.Release|Any CPU.Build.0 = Release|Any CPU
		{6AD3C792-99DB-46B2-B0F5-7E43E7C1EB42}.Debug|Any CPU.ActiveCfg = Debug|Any CPU
		{6AD3C792-99DB-46B2-B0F5-7E43E7C1EB42}.Debug|Any CPU.Build.0 = Debug|Any CPU
		{6AD3C792-99DB-46B2-B0F5-7E43E7C1EB42}.Release|Any CPU.ActiveCfg = Release|Any CPU
		{6AD3C792-99DB-46B2-B0F5-7E43E7C1EB42}.Release|Any CPU.Build.0 = Release|Any CPU
		{9E155E29-685E-4228-894C-3FD9B7CD55FB}.Debug|Any CPU.ActiveCfg = Debug|Any CPU
		{9E155E29-685E-4228-894C-3FD9B7CD55FB}.Debug|Any CPU.Build.0 = Debug|Any CPU
		{9E155E29-685E-4228-894C-3FD9B7CD55FB}.Release|Any CPU.ActiveCfg = Release|Any CPU
		{9E155E29-685E-4228-894C-3FD9B7CD55FB}.Release|Any CPU.Build.0 = Release|Any CPU
		{E4288B8D-D93E-4E5D-B76C-4C4247624A65}.Debug|Any CPU.ActiveCfg = Debug|Any CPU
		{E4288B8D-D93E-4E5D-B76C-4C4247624A65}.Debug|Any CPU.Build.0 = Debug|Any CPU
		{E4288B8D-D93E-4E5D-B76C-4C4247624A65}.Release|Any CPU.ActiveCfg = Release|Any CPU
		{E4288B8D-D93E-4E5D-B76C-4C4247624A65}.Release|Any CPU.Build.0 = Release|Any CPU
		{29DF1349-D48B-48BC-AA91-F149CDFFE4A4}.Debug|Any CPU.ActiveCfg = Debug|Any CPU
		{29DF1349-D48B-48BC-AA91-F149CDFFE4A4}.Debug|Any CPU.Build.0 = Debug|Any CPU
		{29DF1349-D48B-48BC-AA91-F149CDFFE4A4}.Release|Any CPU.ActiveCfg = Release|Any CPU
		{29DF1349-D48B-48BC-AA91-F149CDFFE4A4}.Release|Any CPU.Build.0 = Release|Any CPU
		{9F194BE1-9A7F-4733-8BE5-692523B41C22}.Debug|Any CPU.ActiveCfg = Debug|Any CPU
		{9F194BE1-9A7F-4733-8BE5-692523B41C22}.Debug|Any CPU.Build.0 = Debug|Any CPU
		{9F194BE1-9A7F-4733-8BE5-692523B41C22}.Release|Any CPU.ActiveCfg = Release|Any CPU
		{9F194BE1-9A7F-4733-8BE5-692523B41C22}.Release|Any CPU.Build.0 = Release|Any CPU
		{84003568-9D5A-48D9-A095-8270465470CD}.Debug|Any CPU.ActiveCfg = Debug|Any CPU
		{84003568-9D5A-48D9-A095-8270465470CD}.Debug|Any CPU.Build.0 = Debug|Any CPU
		{84003568-9D5A-48D9-A095-8270465470CD}.Release|Any CPU.ActiveCfg = Release|Any CPU
		{84003568-9D5A-48D9-A095-8270465470CD}.Release|Any CPU.Build.0 = Release|Any CPU
		{B18CCB3E-8274-4E2A-B30D-72FCEDDEF66C}.Debug|Any CPU.ActiveCfg = Debug|Any CPU
		{B18CCB3E-8274-4E2A-B30D-72FCEDDEF66C}.Debug|Any CPU.Build.0 = Debug|Any CPU
		{B18CCB3E-8274-4E2A-B30D-72FCEDDEF66C}.Release|Any CPU.ActiveCfg = Release|Any CPU
		{B18CCB3E-8274-4E2A-B30D-72FCEDDEF66C}.Release|Any CPU.Build.0 = Release|Any CPU
		{09477ADD-2CE3-4764-ABE3-00A395EFFE38}.Debug|Any CPU.ActiveCfg = Debug|Any CPU
		{09477ADD-2CE3-4764-ABE3-00A395EFFE38}.Debug|Any CPU.Build.0 = Debug|Any CPU
		{09477ADD-2CE3-4764-ABE3-00A395EFFE38}.Release|Any CPU.ActiveCfg = Release|Any CPU
		{09477ADD-2CE3-4764-ABE3-00A395EFFE38}.Release|Any CPU.Build.0 = Release|Any CPU
	EndGlobalSection
	GlobalSection(SolutionProperties) = preSolution
		HideSolutionNode = FALSE
	EndGlobalSection
	GlobalSection(NestedProjects) = preSolution
		{AD8103A6-0CCB-4CB1-BF5C-70557091F61C} = {850C123B-6556-4B35-B6ED-E1B36C859E1A}
		{EA44901A-3D2B-4DA5-B5B6-D1FF4C03AD81} = {850C123B-6556-4B35-B6ED-E1B36C859E1A}
		{DFCF03AE-F5C0-4DA6-AE5C-C3F65415B040} = {850C123B-6556-4B35-B6ED-E1B36C859E1A}
		{1B0A14C1-0E17-471F-8F7A-F2627B40B740} = {FA5E15F3-68D7-4F8E-A1AF-B966346200E2}
		{372597DB-0261-4D83-B56D-1A03EFC82C0F} = {FA5E15F3-68D7-4F8E-A1AF-B966346200E2}
		{6AD3C792-99DB-46B2-B0F5-7E43E7C1EB42} = {FA5E15F3-68D7-4F8E-A1AF-B966346200E2}
		{9E155E29-685E-4228-894C-3FD9B7CD55FB} = {FA5E15F3-68D7-4F8E-A1AF-B966346200E2}
		{E4288B8D-D93E-4E5D-B76C-4C4247624A65} = {FA5E15F3-68D7-4F8E-A1AF-B966346200E2}
		{29DF1349-D48B-48BC-AA91-F149CDFFE4A4} = {FA5E15F3-68D7-4F8E-A1AF-B966346200E2}
		{9F194BE1-9A7F-4733-8BE5-692523B41C22} = {FA5E15F3-68D7-4F8E-A1AF-B966346200E2}
		{84003568-9D5A-48D9-A095-8270465470CD} = {FA5E15F3-68D7-4F8E-A1AF-B966346200E2}
		{B18CCB3E-8274-4E2A-B30D-72FCEDDEF66C} = {FA5E15F3-68D7-4F8E-A1AF-B966346200E2}
		{09477ADD-2CE3-4764-ABE3-00A395EFFE38} = {B91EB571-D5C4-4E35-887E-F286A8FB305D}
	EndGlobalSection
	GlobalSection(ExtensibilityGlobals) = postSolution
		SolutionGuid = {29637558-D337-466E-B0C5-6C9107A7A9E0}
	EndGlobalSection
EndGlobal
